
Microsoft Visual Studio Solution File, Format Version 12.00
# Visual Studio Version 17
VisualStudioVersion = 17.3.32929.385
MinimumVisualStudioVersion = 10.0.40219.1
Project("{FAE04EC0-301F-11D3-BF4B-00C04F79EFBC}") = "MVPTest", "MVPTest.csproj", "{3ED9BD93-7E18-4640-A924-40D05DB9B5DB}"
EndProject
Global
	GlobalSection(SolutionConfigurationPlatforms) = preSolution
		Debug|Any CPU = Debug|Any CPU
		Release|Any CPU = Release|Any CPU
	EndGlobalSection
	GlobalSection(ProjectConfigurationPlatforms) = postSolution
		{3ED9BD93-7E18-4640-A924-40D05DB9B5DB}.Debug|Any CPU.ActiveCfg = Debug|Any CPU
		{3ED9BD93-7E18-4640-A924-40D05DB9B5DB}.Debug|Any CPU.Build.0 = Debug|Any CPU
		{3ED9BD93-7E18-4640-A924-40D05DB9B5DB}.Release|Any CPU.ActiveCfg = Release|Any CPU
		{3ED9BD93-7E18-4640-A924-40D05DB9B5DB}.Release|Any CPU.Build.0 = Release|Any CPU
	EndGlobalSection
	GlobalSection(SolutionProperties) = preSolution
		HideSolutionNode = FALSE
	EndGlobalSection
	GlobalSection(ExtensibilityGlobals) = postSolution
		SolutionGuid = {8B292972-8C5C-4AA8-936D-EA0E89E67EAB}
	EndGlobalSection
EndGlobal
