
Microsoft Visual Studio Solution File, Format Version 12.00
# Visual Studio Version 17
VisualStudioVersion = 17.3.32929.385
MinimumVisualStudioVersion = 10.0.40219.1
Project("{FAE04EC0-301F-11D3-BF4B-00C04F79EFBC}") = "LanApp1_1", "LanApp1_1\LanApp1_1.csproj", "{E3ACA8F4-BD0C-4BAA-B7A6-9578049CD927}"
EndProject
Project("{FAE04EC0-301F-11D3-BF4B-00C04F79EFBC}") = "LanApp2_1", "LanApp2_1\LanApp2_1.csproj", "{CD65C649-EB7B-44C5-88A5-8A80F46573C4}"
EndProject
Project("{FAE04EC0-301F-11D3-BF4B-00C04F79EFBC}") = "LanApp2_2", "LanApp2_2\LanApp2_2.csproj", "{39D66CD8-4F7B-4CEA-B6E3-BB3125C29AA0}"
EndProject
Project("{FAE04EC0-301F-11D3-BF4B-00C04F79EFBC}") = "Homework1_1", "Homework1_1\Homework1_1.csproj", "{2F2B3B1E-AEE2-49B8-8B44-209F35135981}"
EndProject
Project("{FAE04EC0-301F-11D3-BF4B-00C04F79EFBC}") = "Homework1_2", "Homework1_2\Homework1_2.csproj", "{D753D77C-AAAC-4D2C-92D0-3B5EB1B8893E}"
EndProject
Project("{FAE04EC0-301F-11D3-BF4B-00C04F79EFBC}") = "LanApp3_1UDP", "LanApp3_1\LanApp3_1UDP.csproj", "{61B32B93-AE70-4B67-B20F-0237F8DD0DDC}"
EndProject
Project("{FAE04EC0-301F-11D3-BF4B-00C04F79EFBC}") = "LanApp3_2AsyncTCPServer", "LanApp3_2AsyncTCPServer\LanApp3_2AsyncTCPServer.csproj", "{D15CC1FA-5244-4AB3-AB38-02F4EE26113C}"
EndProject
Project("{FAE04EC0-301F-11D3-BF4B-00C04F79EFBC}") = "LanApp3_3AsyncTCPClient", "LanApp3_3AsyncTCPClient\LanApp3_3AsyncTCPClient.csproj", "{78599303-E218-4C08-AE3E-5706DF834D65}"
EndProject
Project("{FAE04EC0-301F-11D3-BF4B-00C04F79EFBC}") = "ConsoleCommand", "ConsoleCommand\ConsoleCommand.csproj", "{26285254-EC7C-4713-B1B6-5F8A1B36ED54}"
EndProject
Project("{2150E333-8FDC-42A3-9474-1A3956D46DE8}") = "Homeworks", "Homeworks", "{FE4EFB7A-5C51-406C-8869-4DC3F2D464DF}"
EndProject
Project("{2150E333-8FDC-42A3-9474-1A3956D46DE8}") = "Practices", "Practices", "{BE15A2B2-F432-4D59-9DD5-C116CC3442D4}"
EndProject
Project("{FAE04EC0-301F-11D3-BF4B-00C04F79EFBC}") = "Practice1_1Server", "Practice1_1Server\Practice1_1Server.csproj", "{239D4EE2-9D42-4637-A059-0C36643DE880}"
EndProject
Project("{FAE04EC0-301F-11D3-BF4B-00C04F79EFBC}") = "Practice1_1Client", "Practice1_1Client\Practice1_1Client.csproj", "{EF60B3DB-3870-47EB-A0D1-CCED1A13A16D}"
EndProject
Project("{FAE04EC0-301F-11D3-BF4B-00C04F79EFBC}") = "Practice2_1Server", "Practice2_1Server\Practice2_1Server.csproj", "{77B7753E-6F1D-4424-9741-D305E4F02367}"
EndProject
Project("{FAE04EC0-301F-11D3-BF4B-00C04F79EFBC}") = "Practice2_1Client", "Practice2_1Client\Practice2_1Client.csproj", "{21FFAC96-49D0-43A0-A00E-6EA29AA71D02}"
EndProject
Project("{2150E333-8FDC-42A3-9474-1A3956D46DE8}") = "Libraries", "Libraries", "{63C8BDF9-ACC3-4D0C-B4E4-98E91C46C42E}"
EndProject
Project("{FAE04EC0-301F-11D3-BF4B-00C04F79EFBC}") = "LanApp4_1TCPListener", "LanApp4_1TCPListener\LanApp4_1TCPListener.csproj", "{2C4FB6BE-9BAC-42BE-8907-20E456C1D954}"
EndProject
Project("{FAE04EC0-301F-11D3-BF4B-00C04F79EFBC}") = "LanApp4_2TCP_Client", "LanApp4_2TCP_Client\LanApp4_2TCP_Client.csproj", "{81E2C315-27A8-4580-91E3-C3D1284C6AED}"
EndProject
Global
	GlobalSection(SolutionConfigurationPlatforms) = preSolution
		Debug|Any CPU = Debug|Any CPU
		Release|Any CPU = Release|Any CPU
	EndGlobalSection
	GlobalSection(ProjectConfigurationPlatforms) = postSolution
		{E3ACA8F4-BD0C-4BAA-B7A6-9578049CD927}.Debug|Any CPU.ActiveCfg = Debug|Any CPU
		{E3ACA8F4-BD0C-4BAA-B7A6-9578049CD927}.Debug|Any CPU.Build.0 = Debug|Any CPU
		{E3ACA8F4-BD0C-4BAA-B7A6-9578049CD927}.Release|Any CPU.ActiveCfg = Release|Any CPU
		{E3ACA8F4-BD0C-4BAA-B7A6-9578049CD927}.Release|Any CPU.Build.0 = Release|Any CPU
		{CD65C649-EB7B-44C5-88A5-8A80F46573C4}.Debug|Any CPU.ActiveCfg = Debug|Any CPU
		{CD65C649-EB7B-44C5-88A5-8A80F46573C4}.Debug|Any CPU.Build.0 = Debug|Any CPU
		{CD65C649-EB7B-44C5-88A5-8A80F46573C4}.Release|Any CPU.ActiveCfg = Release|Any CPU
		{CD65C649-EB7B-44C5-88A5-8A80F46573C4}.Release|Any CPU.Build.0 = Release|Any CPU
		{39D66CD8-4F7B-4CEA-B6E3-BB3125C29AA0}.Debug|Any CPU.ActiveCfg = Debug|Any CPU
		{39D66CD8-4F7B-4CEA-B6E3-BB3125C29AA0}.Debug|Any CPU.Build.0 = Debug|Any CPU
		{39D66CD8-4F7B-4CEA-B6E3-BB3125C29AA0}.Release|Any CPU.ActiveCfg = Release|Any CPU
		{39D66CD8-4F7B-4CEA-B6E3-BB3125C29AA0}.Release|Any CPU.Build.0 = Release|Any CPU
		{2F2B3B1E-AEE2-49B8-8B44-209F35135981}.Debug|Any CPU.ActiveCfg = Debug|Any CPU
		{2F2B3B1E-AEE2-49B8-8B44-209F35135981}.Debug|Any CPU.Build.0 = Debug|Any CPU
		{2F2B3B1E-AEE2-49B8-8B44-209F35135981}.Release|Any CPU.ActiveCfg = Release|Any CPU
		{2F2B3B1E-AEE2-49B8-8B44-209F35135981}.Release|Any CPU.Build.0 = Release|Any CPU
		{D753D77C-AAAC-4D2C-92D0-3B5EB1B8893E}.Debug|Any CPU.ActiveCfg = Debug|Any CPU
		{D753D77C-AAAC-4D2C-92D0-3B5EB1B8893E}.Debug|Any CPU.Build.0 = Debug|Any CPU
		{D753D77C-AAAC-4D2C-92D0-3B5EB1B8893E}.Release|Any CPU.ActiveCfg = Release|Any CPU
		{D753D77C-AAAC-4D2C-92D0-3B5EB1B8893E}.Release|Any CPU.Build.0 = Release|Any CPU
		{61B32B93-AE70-4B67-B20F-0237F8DD0DDC}.Debug|Any CPU.ActiveCfg = Debug|Any CPU
		{61B32B93-AE70-4B67-B20F-0237F8DD0DDC}.Debug|Any CPU.Build.0 = Debug|Any CPU
		{61B32B93-AE70-4B67-B20F-0237F8DD0DDC}.Release|Any CPU.ActiveCfg = Release|Any CPU
		{61B32B93-AE70-4B67-B20F-0237F8DD0DDC}.Release|Any CPU.Build.0 = Release|Any CPU
		{D15CC1FA-5244-4AB3-AB38-02F4EE26113C}.Debug|Any CPU.ActiveCfg = Debug|Any CPU
		{D15CC1FA-5244-4AB3-AB38-02F4EE26113C}.Debug|Any CPU.Build.0 = Debug|Any CPU
		{D15CC1FA-5244-4AB3-AB38-02F4EE26113C}.Release|Any CPU.ActiveCfg = Release|Any CPU
		{D15CC1FA-5244-4AB3-AB38-02F4EE26113C}.Release|Any CPU.Build.0 = Release|Any CPU
		{78599303-E218-4C08-AE3E-5706DF834D65}.Debug|Any CPU.ActiveCfg = Debug|Any CPU
		{78599303-E218-4C08-AE3E-5706DF834D65}.Debug|Any CPU.Build.0 = Debug|Any CPU
		{78599303-E218-4C08-AE3E-5706DF834D65}.Release|Any CPU.ActiveCfg = Release|Any CPU
		{78599303-E218-4C08-AE3E-5706DF834D65}.Release|Any CPU.Build.0 = Release|Any CPU
		{26285254-EC7C-4713-B1B6-5F8A1B36ED54}.Debug|Any CPU.ActiveCfg = Debug|Any CPU
		{26285254-EC7C-4713-B1B6-5F8A1B36ED54}.Debug|Any CPU.Build.0 = Debug|Any CPU
		{26285254-EC7C-4713-B1B6-5F8A1B36ED54}.Release|Any CPU.ActiveCfg = Release|Any CPU
		{26285254-EC7C-4713-B1B6-5F8A1B36ED54}.Release|Any CPU.Build.0 = Release|Any CPU
		{239D4EE2-9D42-4637-A059-0C36643DE880}.Debug|Any CPU.ActiveCfg = Debug|Any CPU
		{239D4EE2-9D42-4637-A059-0C36643DE880}.Debug|Any CPU.Build.0 = Debug|Any CPU
		{239D4EE2-9D42-4637-A059-0C36643DE880}.Release|Any CPU.ActiveCfg = Release|Any CPU
		{239D4EE2-9D42-4637-A059-0C36643DE880}.Release|Any CPU.Build.0 = Release|Any CPU
		{EF60B3DB-3870-47EB-A0D1-CCED1A13A16D}.Debug|Any CPU.ActiveCfg = Debug|Any CPU
		{EF60B3DB-3870-47EB-A0D1-CCED1A13A16D}.Debug|Any CPU.Build.0 = Debug|Any CPU
		{EF60B3DB-3870-47EB-A0D1-CCED1A13A16D}.Release|Any CPU.ActiveCfg = Release|Any CPU
		{EF60B3DB-3870-47EB-A0D1-CCED1A13A16D}.Release|Any CPU.Build.0 = Release|Any CPU
		{77B7753E-6F1D-4424-9741-D305E4F02367}.Debug|Any CPU.ActiveCfg = Debug|Any CPU
		{77B7753E-6F1D-4424-9741-D305E4F02367}.Debug|Any CPU.Build.0 = Debug|Any CPU
		{77B7753E-6F1D-4424-9741-D305E4F02367}.Release|Any CPU.ActiveCfg = Release|Any CPU
		{77B7753E-6F1D-4424-9741-D305E4F02367}.Release|Any CPU.Build.0 = Release|Any CPU
		{21FFAC96-49D0-43A0-A00E-6EA29AA71D02}.Debug|Any CPU.ActiveCfg = Debug|Any CPU
		{21FFAC96-49D0-43A0-A00E-6EA29AA71D02}.Debug|Any CPU.Build.0 = Debug|Any CPU
		{21FFAC96-49D0-43A0-A00E-6EA29AA71D02}.Release|Any CPU.ActiveCfg = Release|Any CPU
		{21FFAC96-49D0-43A0-A00E-6EA29AA71D02}.Release|Any CPU.Build.0 = Release|Any CPU
		{2C4FB6BE-9BAC-42BE-8907-20E456C1D954}.Debug|Any CPU.ActiveCfg = Debug|Any CPU
		{2C4FB6BE-9BAC-42BE-8907-20E456C1D954}.Debug|Any CPU.Build.0 = Debug|Any CPU
		{2C4FB6BE-9BAC-42BE-8907-20E456C1D954}.Release|Any CPU.ActiveCfg = Release|Any CPU
		{2C4FB6BE-9BAC-42BE-8907-20E456C1D954}.Release|Any CPU.Build.0 = Release|Any CPU
		{81E2C315-27A8-4580-91E3-C3D1284C6AED}.Debug|Any CPU.ActiveCfg = Debug|Any CPU
		{81E2C315-27A8-4580-91E3-C3D1284C6AED}.Debug|Any CPU.Build.0 = Debug|Any CPU
		{81E2C315-27A8-4580-91E3-C3D1284C6AED}.Release|Any CPU.ActiveCfg = Release|Any CPU
		{81E2C315-27A8-4580-91E3-C3D1284C6AED}.Release|Any CPU.Build.0 = Release|Any CPU
	EndGlobalSection
	GlobalSection(SolutionProperties) = preSolution
		HideSolutionNode = FALSE
	EndGlobalSection
	GlobalSection(NestedProjects) = preSolution
		{2F2B3B1E-AEE2-49B8-8B44-209F35135981} = {FE4EFB7A-5C51-406C-8869-4DC3F2D464DF}
		{D753D77C-AAAC-4D2C-92D0-3B5EB1B8893E} = {FE4EFB7A-5C51-406C-8869-4DC3F2D464DF}
		{26285254-EC7C-4713-B1B6-5F8A1B36ED54} = {63C8BDF9-ACC3-4D0C-B4E4-98E91C46C42E}
		{239D4EE2-9D42-4637-A059-0C36643DE880} = {BE15A2B2-F432-4D59-9DD5-C116CC3442D4}
		{EF60B3DB-3870-47EB-A0D1-CCED1A13A16D} = {BE15A2B2-F432-4D59-9DD5-C116CC3442D4}
		{77B7753E-6F1D-4424-9741-D305E4F02367} = {BE15A2B2-F432-4D59-9DD5-C116CC3442D4}
		{21FFAC96-49D0-43A0-A00E-6EA29AA71D02} = {BE15A2B2-F432-4D59-9DD5-C116CC3442D4}
	EndGlobalSection
	GlobalSection(ExtensibilityGlobals) = postSolution
		SolutionGuid = {410BA89C-2EDD-4E01-B06A-2A487AA42D11}
	EndGlobalSection
EndGlobal
