
Microsoft Visual Studio Solution File, Format Version 12.00
# Visual Studio Version 17
VisualStudioVersion = 17.3.32929.385
MinimumVisualStudioVersion = 10.0.40219.1
Project("{FAE04EC0-301F-11D3-BF4B-00C04F79EFBC}") = "SysApps1", "SysApps1\SysApps1.csproj", "{CC1A47CF-FDA9-4B4B-A464-F086AEAA8722}"
EndProject
Global
	GlobalSection(SolutionConfigurationPlatforms) = preSolution
		Debug|Any CPU = Debug|Any CPU
		Release|Any CPU = Release|Any CPU
	EndGlobalSection
	GlobalSection(ProjectConfigurationPlatforms) = postSolution
		{CC1A47CF-FDA9-4B4B-A464-F086AEAA8722}.Debug|Any CPU.ActiveCfg = Debug|Any CPU
		{CC1A47CF-FDA9-4B4B-A464-F086AEAA8722}.Debug|Any CPU.Build.0 = Debug|Any CPU
		{CC1A47CF-FDA9-4B4B-A464-F086AEAA8722}.Release|Any CPU.ActiveCfg = Release|Any CPU
		{CC1A47CF-FDA9-4B4B-A464-F086AEAA8722}.Release|Any CPU.Build.0 = Release|Any CPU
	EndGlobalSection
	GlobalSection(SolutionProperties) = preSolution
		HideSolutionNode = FALSE
	EndGlobalSection
	GlobalSection(ExtensibilityGlobals) = postSolution
		SolutionGuid = {C2BB26E9-ED03-405F-AAD8-1B574F20C714}
	EndGlobalSection
EndGlobal
