
Microsoft Visual Studio Solution File, Format Version 12.00
# Visual Studio Version 17
VisualStudioVersion = 17.3.32929.385
MinimumVisualStudioVersion = 10.0.40219.1
Project("{FAE04EC0-301F-11D3-BF4B-00C04F79EFBC}") = "SysApps1", "SysApps1\SysApps1.csproj", "{CC1A47CF-FDA9-4B4B-A464-F086AEAA8722}"
EndProject
Project("{FAE04EC0-301F-11D3-BF4B-00C04F79EFBC}") = "HW1_1", "HW1_1\HW1_1.csproj", "{A4A0A2D1-3E16-4E22-98F2-248BEBE07F0F}"
EndProject
Project("{FAE04EC0-301F-11D3-BF4B-00C04F79EFBC}") = "SysApps2", "SysApps2\SysApps2.csproj", "{B50FF74A-3665-46BA-94BD-2A3640366689}"
EndProject
Project("{FAE04EC0-301F-11D3-BF4B-00C04F79EFBC}") = "SysAppPractice2_1", "SysAppPractice2_1\SysAppPractice2_1.csproj", "{4AAC9798-C3B3-42D7-82E9-4015D14378DB}"
EndProject
Project("{FAE04EC0-301F-11D3-BF4B-00C04F79EFBC}") = "HW2_1", "HW2_1\HW2_1.csproj", "{E26ED90C-487E-4CAE-AE23-F2F00571346F}"
EndProject
Project("{FAE04EC0-301F-11D3-BF4B-00C04F79EFBC}") = "HW2_1Child", "HW2_1Child\HW2_1Child.csproj", "{E6571C0F-615D-430B-9109-8540B4C3F693}"
EndProject
Project("{FAE04EC0-301F-11D3-BF4B-00C04F79EFBC}") = "SysApp3_1", "SysApp3_1\SysApp3_1.csproj", "{1FC343C9-0A94-4B79-ADDA-0A197D66431D}"
EndProject
Project("{FAE04EC0-301F-11D3-BF4B-00C04F79EFBC}") = "SysApp3_2", "SysApp3_2\SysApp3_2.csproj", "{BF52ADF1-9E25-4BCF-B0EE-2EE11F0E77B8}"
EndProject
Project("{FAE04EC0-301F-11D3-BF4B-00C04F79EFBC}") = "SysApps4_1Pool", "SysApps4_1Pool\SysApps4_1Pool.csproj", "{E8A4F7B1-696C-4AA9-BE93-0034AAFE28AA}"
EndProject
Project("{FAE04EC0-301F-11D3-BF4B-00C04F79EFBC}") = "SysApp5_1", "SysApp5_1\SysApp5_1.csproj", "{1A901DDD-416D-4C81-BBEB-6D16007F81D8}"
EndProject
Project("{FAE04EC0-301F-11D3-BF4B-00C04F79EFBC}") = "Practice0803", "Practice0803\Practice0803.csproj", "{D06444D5-79A9-4055-AE22-0AC04370880D}"
EndProject
Project("{FAE04EC0-301F-11D3-BF4B-00C04F79EFBC}") = "Practice0803_WinForms", "Practice0803_WinForms\Practice0803_WinForms.csproj", "{CA08FE05-4A24-4BBD-8F24-A0D7BAF1EA8C}"
EndProject
Project("{FAE04EC0-301F-11D3-BF4B-00C04F79EFBC}") = "SysApps6_1", "SysApps6_1\SysApps6_1.csproj", "{B575B329-C00C-4EA6-8493-1BF75AD05DE5}"
EndProject
Project("{FAE04EC0-301F-11D3-BF4B-00C04F79EFBC}") = "SysApps6_2", "SysApps6_2\SysApps6_2.csproj", "{93246CD1-D5CA-42C4-BDC9-CC6D7B4065B8}"
EndProject
Global
	GlobalSection(SolutionConfigurationPlatforms) = preSolution
		Debug|Any CPU = Debug|Any CPU
		Release|Any CPU = Release|Any CPU
	EndGlobalSection
	GlobalSection(ProjectConfigurationPlatforms) = postSolution
		{CC1A47CF-FDA9-4B4B-A464-F086AEAA8722}.Debug|Any CPU.ActiveCfg = Debug|Any CPU
		{CC1A47CF-FDA9-4B4B-A464-F086AEAA8722}.Debug|Any CPU.Build.0 = Debug|Any CPU
		{CC1A47CF-FDA9-4B4B-A464-F086AEAA8722}.Release|Any CPU.ActiveCfg = Release|Any CPU
		{CC1A47CF-FDA9-4B4B-A464-F086AEAA8722}.Release|Any CPU.Build.0 = Release|Any CPU
		{A4A0A2D1-3E16-4E22-98F2-248BEBE07F0F}.Debug|Any CPU.ActiveCfg = Debug|Any CPU
		{A4A0A2D1-3E16-4E22-98F2-248BEBE07F0F}.Debug|Any CPU.Build.0 = Debug|Any CPU
		{A4A0A2D1-3E16-4E22-98F2-248BEBE07F0F}.Release|Any CPU.ActiveCfg = Release|Any CPU
		{A4A0A2D1-3E16-4E22-98F2-248BEBE07F0F}.Release|Any CPU.Build.0 = Release|Any CPU
		{B50FF74A-3665-46BA-94BD-2A3640366689}.Debug|Any CPU.ActiveCfg = Debug|Any CPU
		{B50FF74A-3665-46BA-94BD-2A3640366689}.Debug|Any CPU.Build.0 = Debug|Any CPU
		{B50FF74A-3665-46BA-94BD-2A3640366689}.Release|Any CPU.ActiveCfg = Release|Any CPU
		{B50FF74A-3665-46BA-94BD-2A3640366689}.Release|Any CPU.Build.0 = Release|Any CPU
		{4AAC9798-C3B3-42D7-82E9-4015D14378DB}.Debug|Any CPU.ActiveCfg = Debug|Any CPU
		{4AAC9798-C3B3-42D7-82E9-4015D14378DB}.Debug|Any CPU.Build.0 = Debug|Any CPU
		{4AAC9798-C3B3-42D7-82E9-4015D14378DB}.Release|Any CPU.ActiveCfg = Release|Any CPU
		{4AAC9798-C3B3-42D7-82E9-4015D14378DB}.Release|Any CPU.Build.0 = Release|Any CPU
		{E26ED90C-487E-4CAE-AE23-F2F00571346F}.Debug|Any CPU.ActiveCfg = Debug|Any CPU
		{E26ED90C-487E-4CAE-AE23-F2F00571346F}.Debug|Any CPU.Build.0 = Debug|Any CPU
		{E26ED90C-487E-4CAE-AE23-F2F00571346F}.Release|Any CPU.ActiveCfg = Release|Any CPU
		{E26ED90C-487E-4CAE-AE23-F2F00571346F}.Release|Any CPU.Build.0 = Release|Any CPU
		{E6571C0F-615D-430B-9109-8540B4C3F693}.Debug|Any CPU.ActiveCfg = Debug|Any CPU
		{E6571C0F-615D-430B-9109-8540B4C3F693}.Debug|Any CPU.Build.0 = Debug|Any CPU
		{E6571C0F-615D-430B-9109-8540B4C3F693}.Release|Any CPU.ActiveCfg = Release|Any CPU
		{E6571C0F-615D-430B-9109-8540B4C3F693}.Release|Any CPU.Build.0 = Release|Any CPU
		{1FC343C9-0A94-4B79-ADDA-0A197D66431D}.Debug|Any CPU.ActiveCfg = Debug|Any CPU
		{1FC343C9-0A94-4B79-ADDA-0A197D66431D}.Debug|Any CPU.Build.0 = Debug|Any CPU
		{1FC343C9-0A94-4B79-ADDA-0A197D66431D}.Release|Any CPU.ActiveCfg = Release|Any CPU
		{1FC343C9-0A94-4B79-ADDA-0A197D66431D}.Release|Any CPU.Build.0 = Release|Any CPU
		{BF52ADF1-9E25-4BCF-B0EE-2EE11F0E77B8}.Debug|Any CPU.ActiveCfg = Debug|Any CPU
		{BF52ADF1-9E25-4BCF-B0EE-2EE11F0E77B8}.Debug|Any CPU.Build.0 = Debug|Any CPU
		{BF52ADF1-9E25-4BCF-B0EE-2EE11F0E77B8}.Release|Any CPU.ActiveCfg = Release|Any CPU
		{BF52ADF1-9E25-4BCF-B0EE-2EE11F0E77B8}.Release|Any CPU.Build.0 = Release|Any CPU
		{E8A4F7B1-696C-4AA9-BE93-0034AAFE28AA}.Debug|Any CPU.ActiveCfg = Debug|Any CPU
		{E8A4F7B1-696C-4AA9-BE93-0034AAFE28AA}.Debug|Any CPU.Build.0 = Debug|Any CPU
		{E8A4F7B1-696C-4AA9-BE93-0034AAFE28AA}.Release|Any CPU.ActiveCfg = Release|Any CPU
		{E8A4F7B1-696C-4AA9-BE93-0034AAFE28AA}.Release|Any CPU.Build.0 = Release|Any CPU
		{1A901DDD-416D-4C81-BBEB-6D16007F81D8}.Debug|Any CPU.ActiveCfg = Debug|Any CPU
		{1A901DDD-416D-4C81-BBEB-6D16007F81D8}.Debug|Any CPU.Build.0 = Debug|Any CPU
		{1A901DDD-416D-4C81-BBEB-6D16007F81D8}.Release|Any CPU.ActiveCfg = Release|Any CPU
		{1A901DDD-416D-4C81-BBEB-6D16007F81D8}.Release|Any CPU.Build.0 = Release|Any CPU
		{D06444D5-79A9-4055-AE22-0AC04370880D}.Debug|Any CPU.ActiveCfg = Debug|Any CPU
		{D06444D5-79A9-4055-AE22-0AC04370880D}.Debug|Any CPU.Build.0 = Debug|Any CPU
		{D06444D5-79A9-4055-AE22-0AC04370880D}.Release|Any CPU.ActiveCfg = Release|Any CPU
		{D06444D5-79A9-4055-AE22-0AC04370880D}.Release|Any CPU.Build.0 = Release|Any CPU
		{CA08FE05-4A24-4BBD-8F24-A0D7BAF1EA8C}.Debug|Any CPU.ActiveCfg = Debug|Any CPU
		{CA08FE05-4A24-4BBD-8F24-A0D7BAF1EA8C}.Debug|Any CPU.Build.0 = Debug|Any CPU
		{CA08FE05-4A24-4BBD-8F24-A0D7BAF1EA8C}.Release|Any CPU.ActiveCfg = Release|Any CPU
		{CA08FE05-4A24-4BBD-8F24-A0D7BAF1EA8C}.Release|Any CPU.Build.0 = Release|Any CPU
		{B575B329-C00C-4EA6-8493-1BF75AD05DE5}.Debug|Any CPU.ActiveCfg = Debug|Any CPU
		{B575B329-C00C-4EA6-8493-1BF75AD05DE5}.Debug|Any CPU.Build.0 = Debug|Any CPU
		{B575B329-C00C-4EA6-8493-1BF75AD05DE5}.Release|Any CPU.ActiveCfg = Release|Any CPU
		{B575B329-C00C-4EA6-8493-1BF75AD05DE5}.Release|Any CPU.Build.0 = Release|Any CPU
		{93246CD1-D5CA-42C4-BDC9-CC6D7B4065B8}.Debug|Any CPU.ActiveCfg = Debug|Any CPU
		{93246CD1-D5CA-42C4-BDC9-CC6D7B4065B8}.Debug|Any CPU.Build.0 = Debug|Any CPU
		{93246CD1-D5CA-42C4-BDC9-CC6D7B4065B8}.Release|Any CPU.ActiveCfg = Release|Any CPU
		{93246CD1-D5CA-42C4-BDC9-CC6D7B4065B8}.Release|Any CPU.Build.0 = Release|Any CPU
	EndGlobalSection
	GlobalSection(SolutionProperties) = preSolution
		HideSolutionNode = FALSE
	EndGlobalSection
	GlobalSection(ExtensibilityGlobals) = postSolution
		SolutionGuid = {C2BB26E9-ED03-405F-AAD8-1B574F20C714}
	EndGlobalSection
EndGlobal
