
Microsoft Visual Studio Solution File, Format Version 12.00
# Visual Studio Version 17
VisualStudioVersion = 17.3.32929.385
MinimumVisualStudioVersion = 10.0.40219.1
Project("{FAE04EC0-301F-11D3-BF4B-00C04F79EFBC}") = "WPF-CW", "WPF-CW.csproj", "{D10ECB98-94C2-404E-8D3E-C94F56A4024A}"
EndProject
Global
	GlobalSection(SolutionConfigurationPlatforms) = preSolution
		Debug|Any CPU = Debug|Any CPU
		Release|Any CPU = Release|Any CPU
	EndGlobalSection
	GlobalSection(ProjectConfigurationPlatforms) = postSolution
		{D10ECB98-94C2-404E-8D3E-C94F56A4024A}.Debug|Any CPU.ActiveCfg = Debug|Any CPU
		{D10ECB98-94C2-404E-8D3E-C94F56A4024A}.Debug|Any CPU.Build.0 = Debug|Any CPU
		{D10ECB98-94C2-404E-8D3E-C94F56A4024A}.Release|Any CPU.ActiveCfg = Release|Any CPU
		{D10ECB98-94C2-404E-8D3E-C94F56A4024A}.Release|Any CPU.Build.0 = Release|Any CPU
	EndGlobalSection
	GlobalSection(SolutionProperties) = preSolution
		HideSolutionNode = FALSE
	EndGlobalSection
	GlobalSection(ExtensibilityGlobals) = postSolution
		SolutionGuid = {1FD0F749-E7EE-4218-96FD-37BC256E218A}
	EndGlobalSection
EndGlobal
