
Microsoft Visual Studio Solution File, Format Version 12.00
# Visual Studio Version 17
VisualStudioVersion = 17.3.32929.385
MinimumVisualStudioVersion = 10.0.40219.1
Project("{FAE04EC0-301F-11D3-BF4B-00C04F79EFBC}") = "GamesDbEF", "GamesDbEF\GamesDbEF.csproj", "{1094AB7F-F267-4495-85BD-C9B023C958C3}"
EndProject
Project("{FAE04EC0-301F-11D3-BF4B-00C04F79EFBC}") = "WinForms-GamesDb", "WinForms-GamesDb\WinForms-GamesDb.csproj", "{2919FDAF-D47E-4777-8807-E038DDECF5A0}"
EndProject
Global
	GlobalSection(SolutionConfigurationPlatforms) = preSolution
		Debug|Any CPU = Debug|Any CPU
		Release|Any CPU = Release|Any CPU
	EndGlobalSection
	GlobalSection(ProjectConfigurationPlatforms) = postSolution
		{1094AB7F-F267-4495-85BD-C9B023C958C3}.Debug|Any CPU.ActiveCfg = Debug|Any CPU
		{1094AB7F-F267-4495-85BD-C9B023C958C3}.Debug|Any CPU.Build.0 = Debug|Any CPU
		{1094AB7F-F267-4495-85BD-C9B023C958C3}.Release|Any CPU.ActiveCfg = Release|Any CPU
		{1094AB7F-F267-4495-85BD-C9B023C958C3}.Release|Any CPU.Build.0 = Release|Any CPU
		{2919FDAF-D47E-4777-8807-E038DDECF5A0}.Debug|Any CPU.ActiveCfg = Debug|Any CPU
		{2919FDAF-D47E-4777-8807-E038DDECF5A0}.Debug|Any CPU.Build.0 = Debug|Any CPU
		{2919FDAF-D47E-4777-8807-E038DDECF5A0}.Release|Any CPU.ActiveCfg = Release|Any CPU
		{2919FDAF-D47E-4777-8807-E038DDECF5A0}.Release|Any CPU.Build.0 = Release|Any CPU
	EndGlobalSection
	GlobalSection(SolutionProperties) = preSolution
		HideSolutionNode = FALSE
	EndGlobalSection
	GlobalSection(ExtensibilityGlobals) = postSolution
		SolutionGuid = {D24C5D2B-D0AE-4342-9D78-1AB08CAE9318}
	EndGlobalSection
EndGlobal
