
Microsoft Visual Studio Solution File, Format Version 12.00
# Visual Studio Version 17
VisualStudioVersion = 17.3.32929.385
MinimumVisualStudioVersion = 10.0.40219.1
Project("{FAE04EC0-301F-11D3-BF4B-00C04F79EFBC}") = "SpPractice3_1Console", "MultiThreading1Console\SpPractice3_1Console.csproj", "{E0761356-D32B-47DD-89A2-0C3F8ED5B836}"
EndProject
Project("{FAE04EC0-301F-11D3-BF4B-00C04F79EFBC}") = "SpHomeWork3_1", "SpHomeWork3_1\SpHomeWork3_1.csproj", "{296396AB-119B-4415-8D82-32E402D78B61}"
EndProject
Project("{FAE04EC0-301F-11D3-BF4B-00C04F79EFBC}") = "SpPractice3_1WinForms", "SpPractice3_1WinForms\SpPractice3_1WinForms.csproj", "{8FD4EC67-88AC-46DD-85FC-8000FA6A0B06}"
EndProject
Global
	GlobalSection(SolutionConfigurationPlatforms) = preSolution
		Debug|Any CPU = Debug|Any CPU
		Release|Any CPU = Release|Any CPU
	EndGlobalSection
	GlobalSection(ProjectConfigurationPlatforms) = postSolution
		{E0761356-D32B-47DD-89A2-0C3F8ED5B836}.Debug|Any CPU.ActiveCfg = Debug|Any CPU
		{E0761356-D32B-47DD-89A2-0C3F8ED5B836}.Debug|Any CPU.Build.0 = Debug|Any CPU
		{E0761356-D32B-47DD-89A2-0C3F8ED5B836}.Release|Any CPU.ActiveCfg = Release|Any CPU
		{E0761356-D32B-47DD-89A2-0C3F8ED5B836}.Release|Any CPU.Build.0 = Release|Any CPU
		{296396AB-119B-4415-8D82-32E402D78B61}.Debug|Any CPU.ActiveCfg = Debug|Any CPU
		{296396AB-119B-4415-8D82-32E402D78B61}.Debug|Any CPU.Build.0 = Debug|Any CPU
		{296396AB-119B-4415-8D82-32E402D78B61}.Release|Any CPU.ActiveCfg = Release|Any CPU
		{296396AB-119B-4415-8D82-32E402D78B61}.Release|Any CPU.Build.0 = Release|Any CPU
		{8FD4EC67-88AC-46DD-85FC-8000FA6A0B06}.Debug|Any CPU.ActiveCfg = Debug|Any CPU
		{8FD4EC67-88AC-46DD-85FC-8000FA6A0B06}.Debug|Any CPU.Build.0 = Debug|Any CPU
		{8FD4EC67-88AC-46DD-85FC-8000FA6A0B06}.Release|Any CPU.ActiveCfg = Release|Any CPU
		{8FD4EC67-88AC-46DD-85FC-8000FA6A0B06}.Release|Any CPU.Build.0 = Release|Any CPU
	EndGlobalSection
	GlobalSection(SolutionProperties) = preSolution
		HideSolutionNode = FALSE
	EndGlobalSection
	GlobalSection(ExtensibilityGlobals) = postSolution
		SolutionGuid = {6EFE32B4-A979-4BB0-AFD0-C59A8A4D63FA}
	EndGlobalSection
EndGlobal
