
Microsoft Visual Studio Solution File, Format Version 12.00
# Visual Studio Version 17
VisualStudioVersion = 17.3.32929.385
MinimumVisualStudioVersion = 10.0.40219.1
Project("{FAE04EC0-301F-11D3-BF4B-00C04F79EFBC}") = "Homework1_1Images", "Homework1_1Images\Homework1_1Images.csproj", "{28DCC928-EB30-46AB-A539-E50BED28CC19}"
EndProject
Project("{FAE04EC0-301F-11D3-BF4B-00C04F79EFBC}") = "Classwork1_1", "Classwork1_1\Classwork1_1.csproj", "{C5C36E0A-FBC3-45BD-BF2A-8E1EF4751C10}"
EndProject
Project("{FAE04EC0-301F-11D3-BF4B-00C04F79EFBC}") = "Homework2_1Weather", "Homework2_1Weather\Homework2_1Weather.csproj", "{E9617342-B66A-4036-97CE-F9AF5CA642A9}"
EndProject
Project("{FAE04EC0-301F-11D3-BF4B-00C04F79EFBC}") = "Homework2_1Films", "Homework2_1Films\Homework2_1Films.csproj", "{18A4DE9A-BEC5-49B8-94DE-DFC75307351A}"
EndProject
Global
	GlobalSection(SolutionConfigurationPlatforms) = preSolution
		Debug|Any CPU = Debug|Any CPU
		Release|Any CPU = Release|Any CPU
	EndGlobalSection
	GlobalSection(ProjectConfigurationPlatforms) = postSolution
		{28DCC928-EB30-46AB-A539-E50BED28CC19}.Debug|Any CPU.ActiveCfg = Debug|Any CPU
		{28DCC928-EB30-46AB-A539-E50BED28CC19}.Debug|Any CPU.Build.0 = Debug|Any CPU
		{28DCC928-EB30-46AB-A539-E50BED28CC19}.Release|Any CPU.ActiveCfg = Release|Any CPU
		{28DCC928-EB30-46AB-A539-E50BED28CC19}.Release|Any CPU.Build.0 = Release|Any CPU
		{C5C36E0A-FBC3-45BD-BF2A-8E1EF4751C10}.Debug|Any CPU.ActiveCfg = Debug|Any CPU
		{C5C36E0A-FBC3-45BD-BF2A-8E1EF4751C10}.Debug|Any CPU.Build.0 = Debug|Any CPU
		{C5C36E0A-FBC3-45BD-BF2A-8E1EF4751C10}.Release|Any CPU.ActiveCfg = Release|Any CPU
		{C5C36E0A-FBC3-45BD-BF2A-8E1EF4751C10}.Release|Any CPU.Build.0 = Release|Any CPU
		{E9617342-B66A-4036-97CE-F9AF5CA642A9}.Debug|Any CPU.ActiveCfg = Debug|Any CPU
		{E9617342-B66A-4036-97CE-F9AF5CA642A9}.Debug|Any CPU.Build.0 = Debug|Any CPU
		{E9617342-B66A-4036-97CE-F9AF5CA642A9}.Release|Any CPU.ActiveCfg = Release|Any CPU
		{E9617342-B66A-4036-97CE-F9AF5CA642A9}.Release|Any CPU.Build.0 = Release|Any CPU
		{18A4DE9A-BEC5-49B8-94DE-DFC75307351A}.Debug|Any CPU.ActiveCfg = Debug|Any CPU
		{18A4DE9A-BEC5-49B8-94DE-DFC75307351A}.Debug|Any CPU.Build.0 = Debug|Any CPU
		{18A4DE9A-BEC5-49B8-94DE-DFC75307351A}.Release|Any CPU.ActiveCfg = Release|Any CPU
		{18A4DE9A-BEC5-49B8-94DE-DFC75307351A}.Release|Any CPU.Build.0 = Release|Any CPU
	EndGlobalSection
	GlobalSection(SolutionProperties) = preSolution
		HideSolutionNode = FALSE
	EndGlobalSection
	GlobalSection(ExtensibilityGlobals) = postSolution
		SolutionGuid = {D6D487CC-6CA2-45C9-8ECF-7EF27A86AE5F}
	EndGlobalSection
EndGlobal
