
Microsoft Visual Studio Solution File, Format Version 12.00
# Visual Studio Version 17
VisualStudioVersion = 17.3.32929.385
MinimumVisualStudioVersion = 10.0.40219.1
Project("{FAE04EC0-301F-11D3-BF4B-00C04F79EFBC}") = "MessagerDb", "MessagerDb\MessagerDb.csproj", "{D089A435-2E46-4F4E-A600-48D3653F09DB}"
EndProject
Global
	GlobalSection(SolutionConfigurationPlatforms) = preSolution
		Debug|Any CPU = Debug|Any CPU
		Release|Any CPU = Release|Any CPU
	EndGlobalSection
	GlobalSection(ProjectConfigurationPlatforms) = postSolution
		{D089A435-2E46-4F4E-A600-48D3653F09DB}.Debug|Any CPU.ActiveCfg = Debug|Any CPU
		{D089A435-2E46-4F4E-A600-48D3653F09DB}.Debug|Any CPU.Build.0 = Debug|Any CPU
		{D089A435-2E46-4F4E-A600-48D3653F09DB}.Release|Any CPU.ActiveCfg = Release|Any CPU
		{D089A435-2E46-4F4E-A600-48D3653F09DB}.Release|Any CPU.Build.0 = Release|Any CPU
	EndGlobalSection
	GlobalSection(SolutionProperties) = preSolution
		HideSolutionNode = FALSE
	EndGlobalSection
	GlobalSection(ExtensibilityGlobals) = postSolution
		SolutionGuid = {B731F227-8CFA-4F5A-8BB4-D64DA5DA5981}
	EndGlobalSection
EndGlobal
